
Microsoft Visual Studio Solution File, Format Version 12.00
# Visual Studio Version 16
VisualStudioVersion = 16.0.30225.117
MinimumVisualStudioVersion = 10.0.40219.1
Project("{FAE04EC0-301F-11D3-BF4B-00C04F79EFBC}") = "first day", "first day\first day.csproj", "{5D916D68-9E78-4E72-9C49-84456BF8E00E}"
EndProject
Global
	GlobalSection(SolutionConfigurationPlatforms) = preSolution
		Debug|Any CPU = Debug|Any CPU
		Release|Any CPU = Release|Any CPU
	EndGlobalSection
	GlobalSection(ProjectConfigurationPlatforms) = postSolution
		{5D916D68-9E78-4E72-9C49-84456BF8E00E}.Debug|Any CPU.ActiveCfg = Debug|Any CPU
		{5D916D68-9E78-4E72-9C49-84456BF8E00E}.Debug|Any CPU.Build.0 = Debug|Any CPU
		{5D916D68-9E78-4E72-9C49-84456BF8E00E}.Release|Any CPU.ActiveCfg = Release|Any CPU
		{5D916D68-9E78-4E72-9C49-84456BF8E00E}.Release|Any CPU.Build.0 = Release|Any CPU
	EndGlobalSection
	GlobalSection(SolutionProperties) = preSolution
		HideSolutionNode = FALSE
	EndGlobalSection
	GlobalSection(ExtensibilityGlobals) = postSolution
		SolutionGuid = {7A256F8D-8811-44AE-A8F4-5E51DDB5C03A}
	EndGlobalSection
EndGlobal
